schema: '2.0'
stages:
  stage_01:
    cmd: python stage_01.py
    deps:
    - path: stage_01.py
      hash: md5
      md5: a84f3b36bbf43ba79a035ac9f57d955f
      size: 71
    outs:
    - path: artifact.txt
      hash: md5
      md5: f329f4c657cfb4609409eb5fa8bd8a94
      size: 15
  stage_02:
    cmd: python stage_02.py
    deps:
    - path: artifact.txt
      hash: md5
      md5: f329f4c657cfb4609409eb5fa8bd8a94
      size: 15
    - path: stage_02.py
      hash: md5
      md5: b5f460cf817da61269243dc6b8ff0158
      size: 141
  stage_03:
    cmd: python stage_03.py
    deps:
    - path: artifact.txt
      hash: md5
      md5: add99a86410b51bcfa6aa563548611df
      size: 36
    - path: stage_03.py
      hash: md5
      md5: 4f5960f9ad5719d67f30c1fbdc0fca41
      size: 175
